
Microsoft Visual Studio Solution File, Format Version 12.00
# Visual Studio Version 16
VisualStudioVersion = 16.0.30309.148
MinimumVisualStudioVersion = 10.0.40219.1
Project("{8BC9CEB8-8B4A-11D0-8D11-00A0C91BC942}") = "Project1", "Project1.vcxproj", "{1F03AE44-9CF4-4373-A4B4-4D12A9406555}"
EndProject
Global
	GlobalSection(SolutionConfigurationPlatforms) = preSolution
		Debug|x64 = Debug|x64
		Debug|x86 = Debug|x86
		Release|x64 = Release|x64
		Release|x86 = Release|x86
	EndGlobalSection
	GlobalSection(ProjectConfigurationPlatforms) = postSolution
		{1F03AE44-9CF4-4373-A4B4-4D12A9406555}.Debug|x64.ActiveCfg = Debug|x64
		{1F03AE44-9CF4-4373-A4B4-4D12A9406555}.Debug|x64.Build.0 = Debug|x64
		{1F03AE44-9CF4-4373-A4B4-4D12A9406555}.Debug|x86.ActiveCfg = Debug|Win32
		{1F03AE44-9CF4-4373-A4B4-4D12A9406555}.Debug|x86.Build.0 = Debug|Win32
		{1F03AE44-9CF4-4373-A4B4-4D12A9406555}.Release|x64.ActiveCfg = Release|x64
		{1F03AE44-9CF4-4373-A4B4-4D12A9406555}.Release|x64.Build.0 = Release|x64
		{1F03AE44-9CF4-4373-A4B4-4D12A9406555}.Release|x86.ActiveCfg = Release|Win32
		{1F03AE44-9CF4-4373-A4B4-4D12A9406555}.Release|x86.Build.0 = Release|Win32
	EndGlobalSection
	GlobalSection(SolutionProperties) = preSolution
		HideSolutionNode = FALSE
	EndGlobalSection
	GlobalSection(ExtensibilityGlobals) = postSolution
		SolutionGuid = {C488F1D6-3CE4-4D42-8FC6-BA058C70A3A2}
	EndGlobalSection
EndGlobal
